
Microsoft Visual Studio Solution File, Format Version 12.00
# Visual Studio 2012
Project("{F184B08F-C81C-45F6-A57F-5ABD9991F28F}") = "Finances.Reporting.VB", "Finances.Reporting.VB.vbproj", "{360C42DC-EA43-4ECD-B216-629D1CB7E0AA}"
EndProject
Global
	GlobalSection(SolutionConfigurationPlatforms) = preSolution
		Debug|Any CPU = Debug|Any CPU
		Release|Any CPU = Release|Any CPU
	EndGlobalSection
	GlobalSection(ProjectConfigurationPlatforms) = postSolution
		{360C42DC-EA43-4ECD-B216-629D1CB7E0AA}.Debug|Any CPU.ActiveCfg = Debug|Any CPU
		{360C42DC-EA43-4ECD-B216-629D1CB7E0AA}.Debug|Any CPU.Build.0 = Debug|Any CPU
		{360C42DC-EA43-4ECD-B216-629D1CB7E0AA}.Release|Any CPU.ActiveCfg = Release|Any CPU
		{360C42DC-EA43-4ECD-B216-629D1CB7E0AA}.Release|Any CPU.Build.0 = Release|Any CPU
	EndGlobalSection
	GlobalSection(SolutionProperties) = preSolution
		HideSolutionNode = FALSE
	EndGlobalSection
EndGlobal
